// !$*UTF8*$!
{
	archiveVersion = 1;
	classes = {
	};
	objectVersion = 55;
	objects = {

/* Begin PBXBuildFile section */
		AA162C13272C313E003CFC89 /* .swiftlint.yml in Resources */ = {isa = PBXBuildFile; fileRef = AA162C12272C313E003CFC89 /* .swiftlint.yml */; };
		AA162C15272C3155003CFC89 /* .swiftformat in Resources */ = {isa = PBXBuildFile; fileRef = AA162C14272C3155003CFC89 /* .swiftformat */; };
		AA162C17272C31F0003CFC89 /* .swift-version in Resources */ = {isa = PBXBuildFile; fileRef = AA162C16272C31F0003CFC89 /* .swift-version */; };
		AA162C1A272C34A8003CFC89 /* index.html in Resources */ = {isa = PBXBuildFile; fileRef = AA162C19272C34A8003CFC89 /* index.html */; };
		AA162C1C272C36AC003CFC89 /* changelog.html in Resources */ = {isa = PBXBuildFile; fileRef = AA162C1B272C36AC003CFC89 /* changelog.html */; };
		AA162C1F272C3921003CFC89 /* marked-footnotes.min.js in Resources */ = {isa = PBXBuildFile; fileRef = AA162C1E272C3921003CFC89 /* marked-footnotes.min.js */; };
		AA162C21272C396A003CFC89 /* marked.min.js in Resources */ = {isa = PBXBuildFile; fileRef = AA162C20272C396A003CFC89 /* marked.min.js */; };
		AA162C24272C3A21003CFC89 /* changelog.css in Resources */ = {isa = PBXBuildFile; fileRef = AA162C23272C3A21003CFC89 /* changelog.css */; };
		AA162C26272C3B5B003CFC89 /* LICENSE in Resources */ = {isa = PBXBuildFile; fileRef = AA162C25272C3B5B003CFC89 /* LICENSE */; };
		AA162C2A272C5306003CFC89 /* AppMenu.swift in Sources */ = {isa = PBXBuildFile; fileRef = AA162C29272C5306003CFC89 /* AppMenu.swift */; };
		AA162C2D272C63DC003CFC89 /* Sparkle in Frameworks */ = {isa = PBXBuildFile; productRef = AA162C2C272C63DC003CFC89 /* Sparkle */; };
		AA162C2F272C69F5003CFC89 /* UpdaterDelegate.swift in Sources */ = {isa = PBXBuildFile; fileRef = AA162C2E272C69F5003CFC89 /* UpdaterDelegate.swift */; };
		AA162C31272C73D8003CFC89 /* appcast.xml in Resources */ = {isa = PBXBuildFile; fileRef = AA162C30272C73D8003CFC89 /* appcast.xml */; };
		AA457C622736DC8A002018C1 /* Display.swift in Sources */ = {isa = PBXBuildFile; fileRef = AA457C612736DC8A002018C1 /* Display.swift */; };
		AA457C642736E1B2002018C1 /* NSScreen+Extension.swift in Sources */ = {isa = PBXBuildFile; fileRef = AA457C632736E1B2002018C1 /* NSScreen+Extension.swift */; };
		AA457C672736E2CB002018C1 /* CoreDisplay.framework in Frameworks */ = {isa = PBXBuildFile; fileRef = AA457C662736E2CB002018C1 /* CoreDisplay.framework */; };
		AA457C6D2736FBDA002018C1 /* DummyManager.swift in Sources */ = {isa = PBXBuildFile; fileRef = AA457C6C2736FBDA002018C1 /* DummyManager.swift */; };
		AA59EAB127288E4E00B7C833 /* AppDelegate.swift in Sources */ = {isa = PBXBuildFile; fileRef = AA59EAB027288E4E00B7C833 /* AppDelegate.swift */; };
		AA59EAB327288EF700B7C833 /* Dummy.swift in Sources */ = {isa = PBXBuildFile; fileRef = AA59EAB227288EF700B7C833 /* Dummy.swift */; };
		AA59EAB52728911900B7C833 /* DummyDefinition.swift in Sources */ = {isa = PBXBuildFile; fileRef = AA59EAB42728911900B7C833 /* DummyDefinition.swift */; };
		AA8AA0AE272552E600F66F8A /* README.md in Resources */ = {isa = PBXBuildFile; fileRef = AA8AA0AD272552E600F66F8A /* README.md */; };
		AA964A8C2729C67F0064F7C7 /* PrefKey.swift in Sources */ = {isa = PBXBuildFile; fileRef = AA964A8B2729C67F0064F7C7 /* PrefKey.swift */; };
		AAA2D676272BF77200F71CF0 /* main.swift in Sources */ = {isa = PBXBuildFile; fileRef = AAA2D675272BF77200F71CF0 /* main.swift */; };
		AAA2D68A272BFC7E00F71CF0 /* BetterDummyHelper.app in Copy Helper to start at Login */ = {isa = PBXBuildFile; fileRef = AAA2D673272BF77200F71CF0 /* BetterDummyHelper.app */; settings = {ATTRIBUTES = (RemoveHeadersOnCopy, ); }; };
		AAC810B92747C87D004CCBA0 /* BetterSlider.swift in Sources */ = {isa = PBXBuildFile; fileRef = AAC810B82747C87D004CCBA0 /* BetterSlider.swift */; };
		AACBDF4827308B060087638C /* DisplayManager.swift in Sources */ = {isa = PBXBuildFile; fileRef = AACBDF4727308B060087638C /* DisplayManager.swift */; };
		AADCC3722737F1C500392B4B /* Util.swift in Sources */ = {isa = PBXBuildFile; fileRef = AADCC3712737F1C500392B4B /* Util.swift */; };
		AAE09F3C274576F900A03416 /* ResolutionSliderHandler.swift in Sources */ = {isa = PBXBuildFile; fileRef = AAE09F3B274576F900A03416 /* ResolutionSliderHandler.swift */; };
		BEB26A432530B2F600744C86 /* main.swift in Sources */ = {isa = PBXBuildFile; fileRef = BEB26A422530B2F600744C86 /* main.swift */; };
		BEB26A472530B2F700744C86 /* Assets.xcassets in Resources */ = {isa = PBXBuildFile; fileRef = BEB26A462530B2F700744C86 /* Assets.xcassets */; };
/* End PBXBuildFile section */

/* Begin PBXCopyFilesBuildPhase section */
		AAA2D689272BFC6A00F71CF0 /* Copy Helper to start at Login */ = {
			isa = PBXCopyFilesBuildPhase;
			buildActionMask = 2147483647;
			dstPath = Contents/Library/LoginItems;
			dstSubfolderSpec = 1;
			files = (
				AAA2D68A272BFC7E00F71CF0 /* BetterDummyHelper.app in Copy Helper to start at Login */,
			);
			name = "Copy Helper to start at Login";
			runOnlyForDeploymentPostprocessing = 0;
		};
/* End PBXCopyFilesBuildPhase section */

/* Begin PBXFileReference section */
		AA162C12272C313E003CFC89 /* .swiftlint.yml */ = {isa = PBXFileReference; lastKnownFileType = text.yaml; path = .swiftlint.yml; sourceTree = "<group>"; };
		AA162C14272C3155003CFC89 /* .swiftformat */ = {isa = PBXFileReference; lastKnownFileType = text; path = .swiftformat; sourceTree = "<group>"; };
		AA162C16272C31F0003CFC89 /* .swift-version */ = {isa = PBXFileReference; lastKnownFileType = text; path = ".swift-version"; sourceTree = "<group>"; };
		AA162C19272C34A8003CFC89 /* index.html */ = {isa = PBXFileReference; lastKnownFileType = text.html; path = index.html; sourceTree = "<group>"; };
		AA162C1B272C36AC003CFC89 /* changelog.html */ = {isa = PBXFileReference; lastKnownFileType = text.html; path = changelog.html; sourceTree = "<group>"; };
		AA162C1E272C3921003CFC89 /* marked-footnotes.min.js */ = {isa = PBXFileReference; lastKnownFileType = sourcecode.javascript; path = "marked-footnotes.min.js"; sourceTree = "<group>"; };
		AA162C20272C396A003CFC89 /* marked.min.js */ = {isa = PBXFileReference; lastKnownFileType = sourcecode.javascript; path = marked.min.js; sourceTree = "<group>"; };
		AA162C23272C3A21003CFC89 /* changelog.css */ = {isa = PBXFileReference; lastKnownFileType = text.css; path = changelog.css; sourceTree = "<group>"; };
		AA162C25272C3B5B003CFC89 /* LICENSE */ = {isa = PBXFileReference; fileEncoding = 4; lastKnownFileType = text; path = LICENSE; sourceTree = "<group>"; };
		AA162C29272C5306003CFC89 /* AppMenu.swift */ = {isa = PBXFileReference; lastKnownFileType = sourcecode.swift; path = AppMenu.swift; sourceTree = "<group>"; };
		AA162C2E272C69F5003CFC89 /* UpdaterDelegate.swift */ = {isa = PBXFileReference; lastKnownFileType = sourcecode.swift; path = UpdaterDelegate.swift; sourceTree = "<group>"; };
		AA162C30272C73D8003CFC89 /* appcast.xml */ = {isa = PBXFileReference; lastKnownFileType = text.xml; path = appcast.xml; sourceTree = "<group>"; };
		AA457C612736DC8A002018C1 /* Display.swift */ = {isa = PBXFileReference; lastKnownFileType = sourcecode.swift; path = Display.swift; sourceTree = "<group>"; };
		AA457C632736E1B2002018C1 /* NSScreen+Extension.swift */ = {isa = PBXFileReference; lastKnownFileType = sourcecode.swift; path = "NSScreen+Extension.swift"; sourceTree = "<group>"; };
		AA457C662736E2CB002018C1 /* CoreDisplay.framework */ = {isa = PBXFileReference; lastKnownFileType = wrapper.framework; name = CoreDisplay.framework; path = ../../../../../../System/Library/Frameworks/CoreDisplay.framework; sourceTree = "<group>"; };
		AA457C6C2736FBDA002018C1 /* DummyManager.swift */ = {isa = PBXFileReference; lastKnownFileType = sourcecode.swift; path = DummyManager.swift; sourceTree = "<group>"; };
		AA59EAB027288E4E00B7C833 /* AppDelegate.swift */ = {isa = PBXFileReference; indentWidth = 2; lastKnownFileType = sourcecode.swift; path = AppDelegate.swift; sourceTree = "<group>"; };
		AA59EAB227288EF700B7C833 /* Dummy.swift */ = {isa = PBXFileReference; indentWidth = 2; lastKnownFileType = sourcecode.swift; path = Dummy.swift; sourceTree = "<group>"; };
		AA59EAB42728911900B7C833 /* DummyDefinition.swift */ = {isa = PBXFileReference; indentWidth = 2; lastKnownFileType = sourcecode.swift; path = DummyDefinition.swift; sourceTree = "<group>"; };
		AA8AA0AD272552E600F66F8A /* README.md */ = {isa = PBXFileReference; fileEncoding = 4; lastKnownFileType = net.daringfireball.markdown; path = README.md; sourceTree = "<group>"; };
		AA964A8B2729C67F0064F7C7 /* PrefKey.swift */ = {isa = PBXFileReference; indentWidth = 2; lastKnownFileType = sourcecode.swift; path = PrefKey.swift; sourceTree = "<group>"; };
		AAA2D673272BF77200F71CF0 /* BetterDummyHelper.app */ = {isa = PBXFileReference; explicitFileType = wrapper.application; includeInIndex = 0; path = BetterDummyHelper.app; sourceTree = BUILT_PRODUCTS_DIR; };
		AAA2D675272BF77200F71CF0 /* main.swift */ = {isa = PBXFileReference; indentWidth = 2; lastKnownFileType = sourcecode.swift; path = main.swift; sourceTree = "<group>"; };
		AAA2D67E272BF77300F71CF0 /* BetterDummyHelper.entitlements */ = {isa = PBXFileReference; lastKnownFileType = text.plist.entitlements; path = BetterDummyHelper.entitlements; sourceTree = "<group>"; };
		AAA2D682272BF86800F71CF0 /* Info.plist */ = {isa = PBXFileReference; lastKnownFileType = text.plist; path = Info.plist; sourceTree = "<group>"; };
		AAC810B82747C87D004CCBA0 /* BetterSlider.swift */ = {isa = PBXFileReference; fileEncoding = 4; lastKnownFileType = sourcecode.swift; path = BetterSlider.swift; sourceTree = "<group>"; };
		AACBDF4727308B060087638C /* DisplayManager.swift */ = {isa = PBXFileReference; lastKnownFileType = sourcecode.swift; path = DisplayManager.swift; sourceTree = "<group>"; };
		AADCC3712737F1C500392B4B /* Util.swift */ = {isa = PBXFileReference; lastKnownFileType = sourcecode.swift; path = Util.swift; sourceTree = "<group>"; };
		AAE09F3B274576F900A03416 /* ResolutionSliderHandler.swift */ = {isa = PBXFileReference; lastKnownFileType = sourcecode.swift; path = ResolutionSliderHandler.swift; sourceTree = "<group>"; };
		BEB26A3F2530B2F600744C86 /* BetterDummy.app */ = {isa = PBXFileReference; explicitFileType = wrapper.application; includeInIndex = 0; path = BetterDummy.app; sourceTree = BUILT_PRODUCTS_DIR; };
		BEB26A422530B2F600744C86 /* main.swift */ = {isa = PBXFileReference; indentWidth = 2; lastKnownFileType = sourcecode.swift; path = main.swift; sourceTree = "<group>"; };
		BEB26A462530B2F700744C86 /* Assets.xcassets */ = {isa = PBXFileReference; lastKnownFileType = folder.assetcatalog; path = Assets.xcassets; sourceTree = "<group>"; };
		BEB26A4E2530B2F700744C86 /* Info.plist */ = {isa = PBXFileReference; lastKnownFileType = text.plist.xml; path = Info.plist; sourceTree = "<group>"; };
		BEB26A4F2530B2F700744C86 /* BetterDummy.entitlements */ = {isa = PBXFileReference; lastKnownFileType = text.plist.entitlements; path = BetterDummy.entitlements; sourceTree = "<group>"; };
		BEB26A772531163C00744C86 /* Bridging-Header.h */ = {isa = PBXFileReference; indentWidth = 2; lastKnownFileType = sourcecode.c.h; path = "Bridging-Header.h"; sourceTree = "<group>"; };
/* End PBXFileReference section */

/* Begin PBXFrameworksBuildPhase section */
		AAA2D670272BF77200F71CF0 /* Frameworks */ = {
			isa = PBXFrameworksBuildPhase;
			buildActionMask = 2147483647;
			files = (
			);
			runOnlyForDeploymentPostprocessing = 0;
		};
		BEB26A3C2530B2F600744C86 /* Frameworks */ = {
			isa = PBXFrameworksBuildPhase;
			buildActionMask = 2147483647;
			files = (
				AA457C672736E2CB002018C1 /* CoreDisplay.framework in Frameworks */,
				AA162C2D272C63DC003CFC89 /* Sparkle in Frameworks */,
			);
			runOnlyForDeploymentPostprocessing = 0;
		};
/* End PBXFrameworksBuildPhase section */

/* Begin PBXGroup section */
		AA162C18272C344C003CFC89 /* docs */ = {
			isa = PBXGroup;
			children = (
				AAA10D87272F054C008B342D /* images */,
				AA162C22272C3A0C003CFC89 /* styles */,
				AA162C1D272C38FA003CFC89 /* scripts */,
				AA162C19272C34A8003CFC89 /* index.html */,
				AA162C1B272C36AC003CFC89 /* changelog.html */,
				AA162C30272C73D8003CFC89 /* appcast.xml */,
			);
			path = docs;
			sourceTree = "<group>";
		};
		AA162C1D272C38FA003CFC89 /* scripts */ = {
			isa = PBXGroup;
			children = (
				AA162C1E272C3921003CFC89 /* marked-footnotes.min.js */,
				AA162C20272C396A003CFC89 /* marked.min.js */,
			);
			path = scripts;
			sourceTree = "<group>";
		};
		AA162C22272C3A0C003CFC89 /* styles */ = {
			isa = PBXGroup;
			children = (
				AA162C23272C3A21003CFC89 /* changelog.css */,
			);
			path = styles;
			sourceTree = "<group>";
		};
		AA1861802728A46E0095590C /* BetterDummy */ = {
			isa = PBXGroup;
			children = (
				BEB26A4F2530B2F700744C86 /* BetterDummy.entitlements */,
				BEB26A462530B2F700744C86 /* Assets.xcassets */,
				BEB26A4E2530B2F700744C86 /* Info.plist */,
				BEB26A772531163C00744C86 /* Bridging-Header.h */,
				BEB26A422530B2F600744C86 /* main.swift */,
				AA457C682736E2E5002018C1 /* Model */,
				AA457C692736E2F9002018C1 /* Support */,
				AA457C6A2736E30F002018C1 /* Enums */,
				AA457C6B2736E321002018C1 /* Extensions */,
			);
			path = BetterDummy;
			sourceTree = "<group>";
		};
		AA457C652736E2AD002018C1 /* Frameworks */ = {
			isa = PBXGroup;
			children = (
				AA457C662736E2CB002018C1 /* CoreDisplay.framework */,
			);
			path = Frameworks;
			sourceTree = "<group>";
		};
		AA457C682736E2E5002018C1 /* Model */ = {
			isa = PBXGroup;
			children = (
				AA457C612736DC8A002018C1 /* Display.swift */,
				AA59EAB227288EF700B7C833 /* Dummy.swift */,
				AA59EAB42728911900B7C833 /* DummyDefinition.swift */,
			);
			path = Model;
			sourceTree = "<group>";
		};
		AA457C692736E2F9002018C1 /* Support */ = {
			isa = PBXGroup;
			children = (
				AA59EAB027288E4E00B7C833 /* AppDelegate.swift */,
				AADCC3712737F1C500392B4B /* Util.swift */,
				AA162C29272C5306003CFC89 /* AppMenu.swift */,
				AACBDF4727308B060087638C /* DisplayManager.swift */,
				AA457C6C2736FBDA002018C1 /* DummyManager.swift */,
				AA162C2E272C69F5003CFC89 /* UpdaterDelegate.swift */,
				AAE09F3B274576F900A03416 /* ResolutionSliderHandler.swift */,
				AAC810B82747C87D004CCBA0 /* BetterSlider.swift */,
			);
			path = Support;
			sourceTree = "<group>";
		};
		AA457C6A2736E30F002018C1 /* Enums */ = {
			isa = PBXGroup;
			children = (
				AA964A8B2729C67F0064F7C7 /* PrefKey.swift */,
			);
			path = Enums;
			sourceTree = "<group>";
		};
		AA457C6B2736E321002018C1 /* Extensions */ = {
			isa = PBXGroup;
			children = (
				AA457C632736E1B2002018C1 /* NSScreen+Extension.swift */,
			);
			path = Extensions;
			sourceTree = "<group>";
		};
		AAA10D87272F054C008B342D /* images */ = {
			isa = PBXGroup;
			children = (
			);
			path = images;
			sourceTree = "<group>";
		};
		AAA2D674272BF77200F71CF0 /* BetterDummyHelper */ = {
			isa = PBXGroup;
			children = (
				AAA2D67E272BF77300F71CF0 /* BetterDummyHelper.entitlements */,
				AAA2D682272BF86800F71CF0 /* Info.plist */,
				AAA2D675272BF77200F71CF0 /* main.swift */,
			);
			path = BetterDummyHelper;
			sourceTree = "<group>";
		};
		BEB26A362530B2F600744C86 = {
			isa = PBXGroup;
			children = (
				AA457C652736E2AD002018C1 /* Frameworks */,
				AA162C18272C344C003CFC89 /* docs */,
				AA8AA0AD272552E600F66F8A /* README.md */,
				AA162C25272C3B5B003CFC89 /* LICENSE */,
				AA162C16272C31F0003CFC89 /* .swift-version */,
				AA162C14272C3155003CFC89 /* .swiftformat */,
				AA162C12272C313E003CFC89 /* .swiftlint.yml */,
				AA1861802728A46E0095590C /* BetterDummy */,
				AAA2D674272BF77200F71CF0 /* BetterDummyHelper */,
				BEB26A402530B2F600744C86 /* Products */,
			);
			indentWidth = 2;
			sourceTree = "<group>";
		};
		BEB26A402530B2F600744C86 /* Products */ = {
			isa = PBXGroup;
			children = (
				BEB26A3F2530B2F600744C86 /* BetterDummy.app */,
				AAA2D673272BF77200F71CF0 /* BetterDummyHelper.app */,
			);
			name = Products;
			sourceTree = "<group>";
		};
/* End PBXGroup section */

/* Begin PBXNativeTarget section */
		AAA2D672272BF77200F71CF0 /* BetterDummyHelper */ = {
			isa = PBXNativeTarget;
			buildConfigurationList = AAA2D681272BF77300F71CF0 /* Build configuration list for PBXNativeTarget "BetterDummyHelper" */;
			buildPhases = (
				AAA2D66F272BF77200F71CF0 /* Sources */,
				AAA2D670272BF77200F71CF0 /* Frameworks */,
				AAA2D671272BF77200F71CF0 /* Resources */,
			);
			buildRules = (
			);
			dependencies = (
			);
			name = BetterDummyHelper;
			productName = BetterDummyHelper;
			productReference = AAA2D673272BF77200F71CF0 /* BetterDummyHelper.app */;
			productType = "com.apple.product-type.application";
		};
		BEB26A3E2530B2F600744C86 /* BetterDummy */ = {
			isa = PBXNativeTarget;
			buildConfigurationList = BEB26A522530B2F700744C86 /* Build configuration list for PBXNativeTarget "BetterDummy" */;
			buildPhases = (
				AA162C0E272C3072003CFC89 /* SwiftFormat */,
				AA162C0F272C309C003CFC89 /* SwiftLint */,
				AA162C33272C7B0E003CFC89 /* Increase Build Number */,
				BEB26A3B2530B2F600744C86 /* Sources */,
				BEB26A3C2530B2F600744C86 /* Frameworks */,
				BEB26A3D2530B2F600744C86 /* Resources */,
				AAA2D689272BFC6A00F71CF0 /* Copy Helper to start at Login */,
			);
			buildRules = (
			);
			dependencies = (
			);
			name = BetterDummy;
			packageProductDependencies = (
				AA162C2C272C63DC003CFC89 /* Sparkle */,
			);
			productName = BetterDummy;
			productReference = BEB26A3F2530B2F600744C86 /* BetterDummy.app */;
			productType = "com.apple.product-type.application";
		};
/* End PBXNativeTarget section */

/* Begin PBXProject section */
		BEB26A372530B2F600744C86 /* Project object */ = {
			isa = PBXProject;
			attributes = {
				LastSwiftUpdateCheck = 1310;
				LastUpgradeCheck = 1200;
				TargetAttributes = {
					AAA2D672272BF77200F71CF0 = {
						CreatedOnToolsVersion = 13.1;
					};
					BEB26A3E2530B2F600744C86 = {
						CreatedOnToolsVersion = 12.0.1;
						LastSwiftMigration = 1200;
					};
				};
			};
			buildConfigurationList = BEB26A3A2530B2F600744C86 /* Build configuration list for PBXProject "BetterDummy" */;
			compatibilityVersion = "Xcode 13.0";
			developmentRegion = en;
			hasScannedForEncodings = 0;
			knownRegions = (
				en,
				Base,
			);
			mainGroup = BEB26A362530B2F600744C86;
			packageReferences = (
				AA162C2B272C63DC003CFC89 /* XCRemoteSwiftPackageReference "Sparkle" */,
			);
			productRefGroup = BEB26A402530B2F600744C86 /* Products */;
			projectDirPath = "";
			projectRoot = "";
			targets = (
				BEB26A3E2530B2F600744C86 /* BetterDummy */,
				AAA2D672272BF77200F71CF0 /* BetterDummyHelper */,
			);
		};
/* End PBXProject section */

/* Begin PBXResourcesBuildPhase section */
		AAA2D671272BF77200F71CF0 /* Resources */ = {
			isa = PBXResourcesBuildPhase;
			buildActionMask = 2147483647;
			files = (
			);
			runOnlyForDeploymentPostprocessing = 0;
		};
		BEB26A3D2530B2F600744C86 /* Resources */ = {
			isa = PBXResourcesBuildPhase;
			buildActionMask = 2147483647;
			files = (
				AA162C15272C3155003CFC89 /* .swiftformat in Resources */,
				AA162C13272C313E003CFC89 /* .swiftlint.yml in Resources */,
				AA162C31272C73D8003CFC89 /* appcast.xml in Resources */,
				AA162C1C272C36AC003CFC89 /* changelog.html in Resources */,
				AA8AA0AE272552E600F66F8A /* README.md in Resources */,
				AA162C1A272C34A8003CFC89 /* index.html in Resources */,
				AA162C26272C3B5B003CFC89 /* LICENSE in Resources */,
				AA162C21272C396A003CFC89 /* marked.min.js in Resources */,
				BEB26A472530B2F700744C86 /* Assets.xcassets in Resources */,
				AA162C1F272C3921003CFC89 /* marked-footnotes.min.js in Resources */,
				AA162C24272C3A21003CFC89 /* changelog.css in Resources */,
				AA162C17272C31F0003CFC89 /* .swift-version in Resources */,
			);
			runOnlyForDeploymentPostprocessing = 0;
		};
/* End PBXResourcesBuildPhase section */

/* Begin PBXShellScriptBuildPhase section */
		AA162C0E272C3072003CFC89 /* SwiftFormat */ = {
			isa = PBXShellScriptBuildPhase;
			buildActionMask = 2147483647;
			files = (
			);
			inputFileListPaths = (
			);
			inputPaths = (
			);
			name = SwiftFormat;
			outputFileListPaths = (
			);
			outputPaths = (
			);
			runOnlyForDeploymentPostprocessing = 0;
			shellPath = /bin/sh;
			shellScript = "if which swiftformat >/dev/null; then\n  swiftformat .\nelse\n  echo \"warning: SwiftFormat not installed, download from https://github.com/nicklockwood/SwiftFormat\" >&2\nfi\n";
		};
		AA162C0F272C309C003CFC89 /* SwiftLint */ = {
			isa = PBXShellScriptBuildPhase;
			buildActionMask = 2147483647;
			files = (
			);
			inputFileListPaths = (
			);
			inputPaths = (
			);
			name = SwiftLint;
			outputFileListPaths = (
			);
			outputPaths = (
			);
			runOnlyForDeploymentPostprocessing = 0;
			shellPath = /bin/sh;
			shellScript = "if which swiftlint >/dev/null; then\n  swiftlint\nelse\n  echo \"warning: SwiftLint not installed, download from https://github.com/realm/SwiftLint\" >&2\nfi\n";
		};
		AA162C33272C7B0E003CFC89 /* Increase Build Number */ = {
			isa = PBXShellScriptBuildPhase;
			buildActionMask = 2147483647;
			files = (
			);
			inputFileListPaths = (
			);
			inputPaths = (
			);
			name = "Increase Build Number";
			outputFileListPaths = (
			);
			outputPaths = (
			);
			runOnlyForDeploymentPostprocessing = 0;
			shellPath = /bin/sh;
			shellScript = "buildNumber=$(/usr/libexec/PlistBuddy -c \"Print CFBundleVersion\" \"$INFOPLIST_FILE\")\nbuildNumber=$(($buildNumber + 1))\n/usr/libexec/PlistBuddy -c \"Set :CFBundleVersion $buildNumber\" \"$INFOPLIST_FILE\"\n";
		};
/* End PBXShellScriptBuildPhase section */

/* Begin PBXSourcesBuildPhase section */
		AAA2D66F272BF77200F71CF0 /* Sources */ = {
			isa = PBXSourcesBuildPhase;
			buildActionMask = 2147483647;
			files = (
				AAA2D676272BF77200F71CF0 /* main.swift in Sources */,
			);
			runOnlyForDeploymentPostprocessing = 0;
		};
		BEB26A3B2530B2F600744C86 /* Sources */ = {
			isa = PBXSourcesBuildPhase;
			buildActionMask = 2147483647;
			files = (
				AAE09F3C274576F900A03416 /* ResolutionSliderHandler.swift in Sources */,
				AA59EAB127288E4E00B7C833 /* AppDelegate.swift in Sources */,
				AA162C2A272C5306003CFC89 /* AppMenu.swift in Sources */,
				AA457C642736E1B2002018C1 /* NSScreen+Extension.swift in Sources */,
				AAC810B92747C87D004CCBA0 /* BetterSlider.swift in Sources */,
				AA964A8C2729C67F0064F7C7 /* PrefKey.swift in Sources */,
				AACBDF4827308B060087638C /* DisplayManager.swift in Sources */,
				AA457C622736DC8A002018C1 /* Display.swift in Sources */,
				AA59EAB52728911900B7C833 /* DummyDefinition.swift in Sources */,
				AA457C6D2736FBDA002018C1 /* DummyManager.swift in Sources */,
				AA59EAB327288EF700B7C833 /* Dummy.swift in Sources */,
				BEB26A432530B2F600744C86 /* main.swift in Sources */,
				AA162C2F272C69F5003CFC89 /* UpdaterDelegate.swift in Sources */,
				AADCC3722737F1C500392B4B /* Util.swift in Sources */,
			);
			runOnlyForDeploymentPostprocessing = 0;
		};
/* End PBXSourcesBuildPhase section */

/* Begin XCBuildConfiguration section */
		AAA2D67F272BF77300F71CF0 /* Debug */ = {
			isa = XCBuildConfiguration;
			buildSettings = {
				ASSETCATALOG_COMPILER_GLOBAL_ACCENT_COLOR_NAME = AccentColor;
				ASSETCATALOG_COMPILER_INCLUDE_ALL_APPICON_ASSETS = NO;
				CLANG_CXX_LANGUAGE_STANDARD = "gnu++17";
				CODE_SIGN_ENTITLEMENTS = BetterDummyHelper/BetterDummyHelper.entitlements;
				CODE_SIGN_STYLE = Automatic;
				COMBINE_HIDPI_IMAGES = YES;
				CURRENT_PROJECT_VERSION = 1;
				DEVELOPMENT_TEAM = 299YSU96J7;
				ENABLE_HARDENED_RUNTIME = YES;
				GENERATE_INFOPLIST_FILE = YES;
				INFOPLIST_FILE = BetterDummyHelper/Info.plist;
				INFOPLIST_KEY_LSApplicationCategoryType = "public.app-category.utilities";
				INFOPLIST_KEY_NSHumanReadableCopyright = "MIT Licensed, 2021.";
				INFOPLIST_KEY_NSPrincipalClass = NSApplication;
				LD_RUNPATH_SEARCH_PATHS = (
					"$(inherited)",
					"@executable_path/../Frameworks",
				);
				MACOSX_DEPLOYMENT_TARGET = 11.0;
				MARKETING_VERSION = 1.0.0;
				PRODUCT_BUNDLE_IDENTIFIER = me.waydabber.BetterDummyHelper;
				PRODUCT_NAME = "$(TARGET_NAME)";
				SKIP_INSTALL = YES;
				SWIFT_EMIT_LOC_STRINGS = YES;
				SWIFT_VERSION = 5.5;
			};
			name = Debug;
		};
		AAA2D680272BF77300F71CF0 /* Release */ = {
			isa = XCBuildConfiguration;
			buildSettings = {
				ASSETCATALOG_COMPILER_GLOBAL_ACCENT_COLOR_NAME = AccentColor;
				ASSETCATALOG_COMPILER_INCLUDE_ALL_APPICON_ASSETS = NO;
				CLANG_CXX_LANGUAGE_STANDARD = "gnu++17";
				CODE_SIGN_ENTITLEMENTS = BetterDummyHelper/BetterDummyHelper.entitlements;
				CODE_SIGN_STYLE = Automatic;
				COMBINE_HIDPI_IMAGES = YES;
				CURRENT_PROJECT_VERSION = 1;
				DEVELOPMENT_TEAM = 299YSU96J7;
				ENABLE_HARDENED_RUNTIME = YES;
				GENERATE_INFOPLIST_FILE = YES;
				INFOPLIST_FILE = BetterDummyHelper/Info.plist;
				INFOPLIST_KEY_LSApplicationCategoryType = "public.app-category.utilities";
				INFOPLIST_KEY_NSHumanReadableCopyright = "MIT Licensed, 2021.";
				INFOPLIST_KEY_NSPrincipalClass = NSApplication;
				LD_RUNPATH_SEARCH_PATHS = (
					"$(inherited)",
					"@executable_path/../Frameworks",
				);
				MACOSX_DEPLOYMENT_TARGET = 11.0;
				MARKETING_VERSION = 1.0.0;
				PRODUCT_BUNDLE_IDENTIFIER = me.waydabber.BetterDummyHelper;
				PRODUCT_NAME = "$(TARGET_NAME)";
				SKIP_INSTALL = YES;
				SWIFT_EMIT_LOC_STRINGS = YES;
				SWIFT_VERSION = 5.5;
			};
			name = Release;
		};
		BEB26A502530B2F700744C86 /* Debug */ = {
			isa = XCBuildConfiguration;
			buildSettings = {
				ALWAYS_SEARCH_USER_PATHS = NO;
				CLANG_ANALYZER_NONNULL = YES;
				CLANG_ANALYZER_NUMBER_OBJECT_CONVERSION = YES_AGGRESSIVE;
				CLANG_CXX_LANGUAGE_STANDARD = "gnu++14";
				CLANG_CXX_LIBRARY = "libc++";
				CLANG_ENABLE_MODULES = YES;
				CLANG_ENABLE_OBJC_ARC = YES;
				CLANG_ENABLE_OBJC_WEAK = YES;
				CLANG_WARN_BLOCK_CAPTURE_AUTORELEASING = YES;
				CLANG_WARN_BOOL_CONVERSION = YES;
				CLANG_WARN_COMMA = YES;
				CLANG_WARN_CONSTANT_CONVERSION = YES;
				CLANG_WARN_DEPRECATED_OBJC_IMPLEMENTATIONS = YES;
				CLANG_WARN_DIRECT_OBJC_ISA_USAGE = YES_ERROR;
				CLANG_WARN_DOCUMENTATION_COMMENTS = YES;
				CLANG_WARN_EMPTY_BODY = YES;
				CLANG_WARN_ENUM_CONVERSION = YES;
				CLANG_WARN_INFINITE_RECURSION = YES;
				CLANG_WARN_INT_CONVERSION = YES;
				CLANG_WARN_NON_LITERAL_NULL_CONVERSION = YES;
				CLANG_WARN_OBJC_IMPLICIT_RETAIN_SELF = YES;
				CLANG_WARN_OBJC_LITERAL_CONVERSION = YES;
				CLANG_WARN_OBJC_ROOT_CLASS = YES_ERROR;
				CLANG_WARN_QUOTED_INCLUDE_IN_FRAMEWORK_HEADER = YES;
				CLANG_WARN_RANGE_LOOP_ANALYSIS = YES;
				CLANG_WARN_STRICT_PROTOTYPES = YES;
				CLANG_WARN_SUSPICIOUS_MOVE = YES;
				CLANG_WARN_UNGUARDED_AVAILABILITY = YES_AGGRESSIVE;
				CLANG_WARN_UNREACHABLE_CODE = YES;
				CLANG_WARN__DUPLICATE_METHOD_MATCH = YES;
				COPY_PHASE_STRIP = NO;
				DEBUG_INFORMATION_FORMAT = dwarf;
				ENABLE_STRICT_OBJC_MSGSEND = YES;
				ENABLE_TESTABILITY = YES;
				GCC_C_LANGUAGE_STANDARD = gnu11;
				GCC_DYNAMIC_NO_PIC = NO;
				GCC_NO_COMMON_BLOCKS = YES;
				GCC_OPTIMIZATION_LEVEL = 0;
				GCC_PREPROCESSOR_DEFINITIONS = (
					"DEBUG=1",
					"$(inherited)",
				);
				GCC_WARN_64_TO_32_BIT_CONVERSION = YES;
				GCC_WARN_ABOUT_RETURN_TYPE = YES_ERROR;
				GCC_WARN_UNDECLARED_SELECTOR = YES;
				GCC_WARN_UNINITIALIZED_AUTOS = YES_AGGRESSIVE;
				GCC_WARN_UNUSED_FUNCTION = YES;
				GCC_WARN_UNUSED_VARIABLE = YES;
				MACOSX_DEPLOYMENT_TARGET = 11.0;
				MTL_ENABLE_DEBUG_INFO = INCLUDE_SOURCE;
				MTL_FAST_MATH = YES;
				ONLY_ACTIVE_ARCH = YES;
				SDKROOT = macosx;
				SWIFT_ACTIVE_COMPILATION_CONDITIONS = DEBUG;
				SWIFT_OPTIMIZATION_LEVEL = "-Onone";
			};
			name = Debug;
		};
		BEB26A512530B2F700744C86 /* Release */ = {
			isa = XCBuildConfiguration;
			buildSettings = {
				ALWAYS_SEARCH_USER_PATHS = NO;
				CLANG_ANALYZER_NONNULL = YES;
				CLANG_ANALYZER_NUMBER_OBJECT_CONVERSION = YES_AGGRESSIVE;
				CLANG_CXX_LANGUAGE_STANDARD = "gnu++14";
				CLANG_CXX_LIBRARY = "libc++";
				CLANG_ENABLE_MODULES = YES;
				CLANG_ENABLE_OBJC_ARC = YES;
				CLANG_ENABLE_OBJC_WEAK = YES;
				CLANG_WARN_BLOCK_CAPTURE_AUTORELEASING = YES;
				CLANG_WARN_BOOL_CONVERSION = YES;
				CLANG_WARN_COMMA = YES;
				CLANG_WARN_CONSTANT_CONVERSION = YES;
				CLANG_WARN_DEPRECATED_OBJC_IMPLEMENTATIONS = YES;
				CLANG_WARN_DIRECT_OBJC_ISA_USAGE = YES_ERROR;
				CLANG_WARN_DOCUMENTATION_COMMENTS = YES;
				CLANG_WARN_EMPTY_BODY = YES;
				CLANG_WARN_ENUM_CONVERSION = YES;
				CLANG_WARN_INFINITE_RECURSION = YES;
				CLANG_WARN_INT_CONVERSION = YES;
				CLANG_WARN_NON_LITERAL_NULL_CONVERSION = YES;
				CLANG_WARN_OBJC_IMPLICIT_RETAIN_SELF = YES;
				CLANG_WARN_OBJC_LITERAL_CONVERSION = YES;
				CLANG_WARN_OBJC_ROOT_CLASS = YES_ERROR;
				CLANG_WARN_QUOTED_INCLUDE_IN_FRAMEWORK_HEADER = YES;
				CLANG_WARN_RANGE_LOOP_ANALYSIS = YES;
				CLANG_WARN_STRICT_PROTOTYPES = YES;
				CLANG_WARN_SUSPICIOUS_MOVE = YES;
				CLANG_WARN_UNGUARDED_AVAILABILITY = YES_AGGRESSIVE;
				CLANG_WARN_UNREACHABLE_CODE = YES;
				CLANG_WARN__DUPLICATE_METHOD_MATCH = YES;
				COPY_PHASE_STRIP = NO;
				DEBUG_INFORMATION_FORMAT = "dwarf-with-dsym";
				ENABLE_NS_ASSERTIONS = NO;
				ENABLE_STRICT_OBJC_MSGSEND = YES;
				GCC_C_LANGUAGE_STANDARD = gnu11;
				GCC_NO_COMMON_BLOCKS = YES;
				GCC_WARN_64_TO_32_BIT_CONVERSION = YES;
				GCC_WARN_ABOUT_RETURN_TYPE = YES_ERROR;
				GCC_WARN_UNDECLARED_SELECTOR = YES;
				GCC_WARN_UNINITIALIZED_AUTOS = YES_AGGRESSIVE;
				GCC_WARN_UNUSED_FUNCTION = YES;
				GCC_WARN_UNUSED_VARIABLE = YES;
				MACOSX_DEPLOYMENT_TARGET = 11.0;
				MTL_ENABLE_DEBUG_INFO = NO;
				MTL_FAST_MATH = YES;
				SDKROOT = macosx;
				SWIFT_COMPILATION_MODE = wholemodule;
				SWIFT_OPTIMIZATION_LEVEL = "-O";
			};
			name = Release;
		};
		BEB26A532530B2F700744C86 /* Debug */ = {
			isa = XCBuildConfiguration;
			buildSettings = {
				ASSETCATALOG_COMPILER_APPICON_NAME = AppIcon;
				CLANG_ENABLE_MODULES = YES;
				CODE_SIGN_ENTITLEMENTS = BetterDummy/BetterDummy.entitlements;
				CODE_SIGN_IDENTITY = "Apple Development";
				CODE_SIGN_STYLE = Automatic;
				COMBINE_HIDPI_IMAGES = YES;
				CURRENT_PROJECT_VERSION = 330;
				DEVELOPMENT_ASSET_PATHS = "";
				DEVELOPMENT_TEAM = 299YSU96J7;
				ENABLE_HARDENED_RUNTIME = YES;
				ENABLE_PREVIEWS = YES;
				HEADER_SEARCH_PATHS = include;
				INFOPLIST_FILE = BetterDummy/Info.plist;
				LD_RUNPATH_SEARCH_PATHS = (
					"$(inherited)",
					"@executable_path/../Frameworks",
				);
				MACOSX_DEPLOYMENT_TARGET = 11.0;
				MARKETING_VERSION = "1.0.11-beta3";
				OTHER_CODE_SIGN_FLAGS = "--timestamp";
				PRODUCT_BUNDLE_IDENTIFIER = me.waydabber.BetterDummy;
				PRODUCT_NAME = "$(TARGET_NAME)";
				PROVISIONING_PROFILE_SPECIFIER = "";
				SWIFT_OBJC_BRIDGING_HEADER = "BetterDummy/Bridging-Header.h";
				SWIFT_OPTIMIZATION_LEVEL = "-Onone";
				SWIFT_VERSION = 5.5;
			};
			name = Debug;
		};
		BEB26A542530B2F700744C86 /* Release */ = {
			isa = XCBuildConfiguration;
			buildSettings = {
				ASSETCATALOG_COMPILER_APPICON_NAME = AppIcon;
				CLANG_ENABLE_MODULES = YES;
				CODE_SIGN_ENTITLEMENTS = BetterDummy/BetterDummy.entitlements;
				CODE_SIGN_IDENTITY = "Apple Development";
				CODE_SIGN_STYLE = Automatic;
				COMBINE_HIDPI_IMAGES = YES;
				CURRENT_PROJECT_VERSION = 330;
				DEVELOPMENT_ASSET_PATHS = "";
				DEVELOPMENT_TEAM = 299YSU96J7;
				ENABLE_HARDENED_RUNTIME = YES;
				ENABLE_PREVIEWS = YES;
				HEADER_SEARCH_PATHS = include;
				INFOPLIST_FILE = BetterDummy/Info.plist;
				LD_RUNPATH_SEARCH_PATHS = (
					"$(inherited)",
					"@executable_path/../Frameworks",
				);
				MACOSX_DEPLOYMENT_TARGET = 11.0;
				MARKETING_VERSION = "1.0.11-beta3";
				OTHER_CODE_SIGN_FLAGS = "--timestamp";
				PRODUCT_BUNDLE_IDENTIFIER = me.waydabber.BetterDummy;
				PRODUCT_NAME = "$(TARGET_NAME)";
				PROVISIONING_PROFILE_SPECIFIER = "";
				SWIFT_OBJC_BRIDGING_HEADER = "BetterDummy/Bridging-Header.h";
				SWIFT_VERSION = 5.5;
			};
			name = Release;
		};
/* End XCBuildConfiguration section */

/* Begin XCConfigurationList section */
		AAA2D681272BF77300F71CF0 /* Build configuration list for PBXNativeTarget "BetterDummyHelper" */ = {
			isa = XCConfigurationList;
			buildConfigurations = (
				AAA2D67F272BF77300F71CF0 /* Debug */,
				AAA2D680272BF77300F71CF0 /* Release */,
			);
			defaultConfigurationIsVisible = 0;
			defaultConfigurationName = Release;
		};
		BEB26A3A2530B2F600744C86 /* Build configuration list for PBXProject "BetterDummy" */ = {
			isa = XCConfigurationList;
			buildConfigurations = (
				BEB26A502530B2F700744C86 /* Debug */,
				BEB26A512530B2F700744C86 /* Release */,
			);
			defaultConfigurationIsVisible = 0;
			defaultConfigurationName = Release;
		};
		BEB26A522530B2F700744C86 /* Build configuration list for PBXNativeTarget "BetterDummy" */ = {
			isa = XCConfigurationList;
			buildConfigurations = (
				BEB26A532530B2F700744C86 /* Debug */,
				BEB26A542530B2F700744C86 /* Release */,
			);
			defaultConfigurationIsVisible = 0;
			defaultConfigurationName = Release;
		};
/* End XCConfigurationList section */

/* Begin XCRemoteSwiftPackageReference section */
		AA162C2B272C63DC003CFC89 /* XCRemoteSwiftPackageReference "Sparkle" */ = {
			isa = XCRemoteSwiftPackageReference;
			repositoryURL = "https://github.com/sparkle-project/Sparkle";
			requirement = {
				branch = 2.x;
				kind = branch;
			};
		};
/* End XCRemoteSwiftPackageReference section */

/* Begin XCSwiftPackageProductDependency section */
		AA162C2C272C63DC003CFC89 /* Sparkle */ = {
			isa = XCSwiftPackageProductDependency;
			package = AA162C2B272C63DC003CFC89 /* XCRemoteSwiftPackageReference "Sparkle" */;
			productName = Sparkle;
		};
/* End XCSwiftPackageProductDependency section */
	};
	rootObject = BEB26A372530B2F600744C86 /* Project object */;
}
